// !$*UTF8*$!
{
	archiveVersion = 1;
	classes = {
	};
	objectVersion = 56;
	objects = {

/* Begin PBXBuildFile section */
		9F59C8472C97F5DB00A224D8 /* ProfileView.swift in Sources */ = {isa = PBXBuildFile; fileRef = 9F59C8462C97F5DB00A224D8 /* ProfileView.swift */; };
		9F59C8492C97F60C00A224D8 /* ToDoListItemsView.swift in Sources */ = {isa = PBXBuildFile; fileRef = 9F59C8482C97F60C00A224D8 /* ToDoListItemsView.swift */; };
		9F59C84B2C97F62700A224D8 /* NewItemView.swift in Sources */ = {isa = PBXBuildFile; fileRef = 9F59C84A2C97F62700A224D8 /* NewItemView.swift */; };
		9F59C84D2C97F65E00A224D8 /* LoginView.swift in Sources */ = {isa = PBXBuildFile; fileRef = 9F59C84C2C97F65E00A224D8 /* LoginView.swift */; };
		9F59C84F2C97F68800A224D8 /* RegisterView.swift in Sources */ = {isa = PBXBuildFile; fileRef = 9F59C84E2C97F68800A224D8 /* RegisterView.swift */; };
		9F59C8512C97F6ED00A224D8 /* ToDoListView.swift in Sources */ = {isa = PBXBuildFile; fileRef = 9F59C8502C97F6ED00A224D8 /* ToDoListView.swift */; };
		9F59C8532C97F73E00A224D8 /* User.swift in Sources */ = {isa = PBXBuildFile; fileRef = 9F59C8522C97F73E00A224D8 /* User.swift */; };
		9F59C8552C97F77500A224D8 /* ToDoListItem.swift in Sources */ = {isa = PBXBuildFile; fileRef = 9F59C8542C97F77400A224D8 /* ToDoListItem.swift */; };
		9F59C8572C97F7C200A224D8 /* MainViewViewModel.swift in Sources */ = {isa = PBXBuildFile; fileRef = 9F59C8562C97F7C200A224D8 /* MainViewViewModel.swift */; };
		9F59C8592C97F7D900A224D8 /* ProfileViewViewModel.swift in Sources */ = {isa = PBXBuildFile; fileRef = 9F59C8582C97F7D900A224D8 /* ProfileViewViewModel.swift */; };
		9F59C85D2C97F82000A224D8 /* ToDoListItemsViewViewModel.swift in Sources */ = {isa = PBXBuildFile; fileRef = 9F59C85C2C97F82000A224D8 /* ToDoListItemsViewViewModel.swift */; };
		9F59C85F2C97F83E00A224D8 /* NewItemViewViewModel.swift in Sources */ = {isa = PBXBuildFile; fileRef = 9F59C85E2C97F83E00A224D8 /* NewItemViewViewModel.swift */; };
		9F59C8612C97F85800A224D8 /* LoginViewViewModel.swift in Sources */ = {isa = PBXBuildFile; fileRef = 9F59C8602C97F85800A224D8 /* LoginViewViewModel.swift */; };
		9F59C8632C97F87900A224D8 /* RegisterViewViewModel.swift in Sources */ = {isa = PBXBuildFile; fileRef = 9F59C8622C97F87900A224D8 /* RegisterViewViewModel.swift */; };
		9F59C8652C97F89700A224D8 /* ToDoListViewViewModel.swift in Sources */ = {isa = PBXBuildFile; fileRef = 9F59C8642C97F89700A224D8 /* ToDoListViewViewModel.swift */; };
		9F678F062C9843CB00D275CA /* TLButton.swift in Sources */ = {isa = PBXBuildFile; fileRef = 9F678F052C9843CA00D275CA /* TLButton.swift */; };
		9F678F082C9857A300D275CA /* Extensions.swift in Sources */ = {isa = PBXBuildFile; fileRef = 9F678F072C9857A300D275CA /* Extensions.swift */; };
		9F678F0C2C9867B600D275CA /* SettingViewViewModel.swift in Sources */ = {isa = PBXBuildFile; fileRef = 9F678F0B2C9867B600D275CA /* SettingViewViewModel.swift */; };
		9F678F0E2C98682A00D275CA /* SettingView.swift in Sources */ = {isa = PBXBuildFile; fileRef = 9F678F0D2C98682A00D275CA /* SettingView.swift */; };
		9F72777F2C98F37B007C6E14 /* GoogleService-Info.plist in Resources */ = {isa = PBXBuildFile; fileRef = 9F72777E2C98F37A007C6E14 /* GoogleService-Info.plist */; };
		9F7277812C99289A007C6E14 /* Launch Screen.storyboard in Resources */ = {isa = PBXBuildFile; fileRef = 9F7277802C99289A007C6E14 /* Launch Screen.storyboard */; };
		9F7277832C992D57007C6E14 /* NotificationHandler.swift in Sources */ = {isa = PBXBuildFile; fileRef = 9F7277822C992D57007C6E14 /* NotificationHandler.swift */; };
		9F81860C2C97E7F9000CFF1A /* ToDoListApp.swift in Sources */ = {isa = PBXBuildFile; fileRef = 9F81860B2C97E7F9000CFF1A /* ToDoListApp.swift */; };
		9F81860E2C97E7F9000CFF1A /* MainView.swift in Sources */ = {isa = PBXBuildFile; fileRef = 9F81860D2C97E7F9000CFF1A /* MainView.swift */; };
		9F8186102C97E800000CFF1A /* Assets.xcassets in Resources */ = {isa = PBXBuildFile; fileRef = 9F81860F2C97E800000CFF1A /* Assets.xcassets */; };
		9F8186132C97E800000CFF1A /* Preview Assets.xcassets in Resources */ = {isa = PBXBuildFile; fileRef = 9F8186122C97E800000CFF1A /* Preview Assets.xcassets */; };
		9F81861B2C97E995000CFF1A /* FirebaseAuth in Frameworks */ = {isa = PBXBuildFile; productRef = 9F81861A2C97E995000CFF1A /* FirebaseAuth */; };
		9F81861D2C97E995000CFF1A /* FirebaseDatabase in Frameworks */ = {isa = PBXBuildFile; productRef = 9F81861C2C97E995000CFF1A /* FirebaseDatabase */; };
		9F81861F2C97E995000CFF1A /* FirebaseFirestore in Frameworks */ = {isa = PBXBuildFile; productRef = 9F81861E2C97E995000CFF1A /* FirebaseFirestore */; };
		9F8186212C97E995000CFF1A /* FirebaseFirestoreCombine-Community in Frameworks */ = {isa = PBXBuildFile; productRef = 9F8186202C97E995000CFF1A /* FirebaseFirestoreCombine-Community */; };
		9F8186232C97E995000CFF1A /* FirebaseFunctions in Frameworks */ = {isa = PBXBuildFile; productRef = 9F8186222C97E995000CFF1A /* FirebaseFunctions */; };
		9F8186252C97E995000CFF1A /* FirebaseStorage in Frameworks */ = {isa = PBXBuildFile; productRef = 9F8186242C97E995000CFF1A /* FirebaseStorage */; };
		9FE533162C98002600C11531 /* HeaderView.swift in Sources */ = {isa = PBXBuildFile; fileRef = 9FE533152C98002600C11531 /* HeaderView.swift */; };
/* End PBXBuildFile section */

/* Begin PBXFileReference section */
		9F59C8462C97F5DB00A224D8 /* ProfileView.swift */ = {isa = PBXFileReference; lastKnownFileType = sourcecode.swift; path = ProfileView.swift; sourceTree = "<group>"; };
		9F59C8482C97F60C00A224D8 /* ToDoListItemsView.swift */ = {isa = PBXFileReference; lastKnownFileType = sourcecode.swift; path = ToDoListItemsView.swift; sourceTree = "<group>"; };
		9F59C84A2C97F62700A224D8 /* NewItemView.swift */ = {isa = PBXFileReference; lastKnownFileType = sourcecode.swift; path = NewItemView.swift; sourceTree = "<group>"; };
		9F59C84C2C97F65E00A224D8 /* LoginView.swift */ = {isa = PBXFileReference; lastKnownFileType = sourcecode.swift; path = LoginView.swift; sourceTree = "<group>"; };
		9F59C84E2C97F68800A224D8 /* RegisterView.swift */ = {isa = PBXFileReference; lastKnownFileType = sourcecode.swift; path = RegisterView.swift; sourceTree = "<group>"; };
		9F59C8502C97F6ED00A224D8 /* ToDoListView.swift */ = {isa = PBXFileReference; lastKnownFileType = sourcecode.swift; path = ToDoListView.swift; sourceTree = "<group>"; };
		9F59C8522C97F73E00A224D8 /* User.swift */ = {isa = PBXFileReference; lastKnownFileType = sourcecode.swift; path = User.swift; sourceTree = "<group>"; };
		9F59C8542C97F77400A224D8 /* ToDoListItem.swift */ = {isa = PBXFileReference; lastKnownFileType = sourcecode.swift; path = ToDoListItem.swift; sourceTree = "<group>"; };
		9F59C8562C97F7C200A224D8 /* MainViewViewModel.swift */ = {isa = PBXFileReference; lastKnownFileType = sourcecode.swift; path = MainViewViewModel.swift; sourceTree = "<group>"; };
		9F59C8582C97F7D900A224D8 /* ProfileViewViewModel.swift */ = {isa = PBXFileReference; lastKnownFileType = sourcecode.swift; path = ProfileViewViewModel.swift; sourceTree = "<group>"; };
		9F59C85C2C97F82000A224D8 /* ToDoListItemsViewViewModel.swift */ = {isa = PBXFileReference; lastKnownFileType = sourcecode.swift; path = ToDoListItemsViewViewModel.swift; sourceTree = "<group>"; };
		9F59C85E2C97F83E00A224D8 /* NewItemViewViewModel.swift */ = {isa = PBXFileReference; lastKnownFileType = sourcecode.swift; path = NewItemViewViewModel.swift; sourceTree = "<group>"; };
		9F59C8602C97F85800A224D8 /* LoginViewViewModel.swift */ = {isa = PBXFileReference; lastKnownFileType = sourcecode.swift; path = LoginViewViewModel.swift; sourceTree = "<group>"; };
		9F59C8622C97F87900A224D8 /* RegisterViewViewModel.swift */ = {isa = PBXFileReference; lastKnownFileType = sourcecode.swift; path = RegisterViewViewModel.swift; sourceTree = "<group>"; };
		9F59C8642C97F89700A224D8 /* ToDoListViewViewModel.swift */ = {isa = PBXFileReference; lastKnownFileType = sourcecode.swift; path = ToDoListViewViewModel.swift; sourceTree = "<group>"; };
		9F678F052C9843CA00D275CA /* TLButton.swift */ = {isa = PBXFileReference; lastKnownFileType = sourcecode.swift; path = TLButton.swift; sourceTree = "<group>"; };
		9F678F072C9857A300D275CA /* Extensions.swift */ = {isa = PBXFileReference; lastKnownFileType = sourcecode.swift; path = Extensions.swift; sourceTree = "<group>"; };
		9F678F0B2C9867B600D275CA /* SettingViewViewModel.swift */ = {isa = PBXFileReference; lastKnownFileType = sourcecode.swift; path = SettingViewViewModel.swift; sourceTree = "<group>"; };
		9F678F0D2C98682A00D275CA /* SettingView.swift */ = {isa = PBXFileReference; lastKnownFileType = sourcecode.swift; path = SettingView.swift; sourceTree = "<group>"; };
		9F72777E2C98F37A007C6E14 /* GoogleService-Info.plist */ = {isa = PBXFileReference; fileEncoding = 4; lastKnownFileType = text.plist.xml; path = "GoogleService-Info.plist"; sourceTree = "<group>"; };
		9F7277802C99289A007C6E14 /* Launch Screen.storyboard */ = {isa = PBXFileReference; lastKnownFileType = file.storyboard; path = "Launch Screen.storyboard"; sourceTree = "<group>"; };
		9F7277822C992D57007C6E14 /* NotificationHandler.swift */ = {isa = PBXFileReference; fileEncoding = 4; lastKnownFileType = sourcecode.swift; path = NotificationHandler.swift; sourceTree = "<group>"; };
		9F8186082C97E7F9000CFF1A /* ToDoList.app */ = {isa = PBXFileReference; explicitFileType = wrapper.application; includeInIndex = 0; path = ToDoList.app; sourceTree = BUILT_PRODUCTS_DIR; };
		9F81860B2C97E7F9000CFF1A /* ToDoListApp.swift */ = {isa = PBXFileReference; lastKnownFileType = sourcecode.swift; path = ToDoListApp.swift; sourceTree = "<group>"; };
		9F81860D2C97E7F9000CFF1A /* MainView.swift */ = {isa = PBXFileReference; lastKnownFileType = sourcecode.swift; path = MainView.swift; sourceTree = "<group>"; };
		9F81860F2C97E800000CFF1A /* Assets.xcassets */ = {isa = PBXFileReference; lastKnownFileType = folder.assetcatalog; path = Assets.xcassets; sourceTree = "<group>"; };
		9F8186122C97E800000CFF1A /* Preview Assets.xcassets */ = {isa = PBXFileReference; lastKnownFileType = folder.assetcatalog; path = "Preview Assets.xcassets"; sourceTree = "<group>"; };
		9FE533152C98002600C11531 /* HeaderView.swift */ = {isa = PBXFileReference; lastKnownFileType = sourcecode.swift; path = HeaderView.swift; sourceTree = "<group>"; };
/* End PBXFileReference section */

/* Begin PBXFrameworksBuildPhase section */
		9F8186052C97E7F9000CFF1A /* Frameworks */ = {
			isa = PBXFrameworksBuildPhase;
			buildActionMask = 2147483647;
			files = (
				9F81861D2C97E995000CFF1A /* FirebaseDatabase in Frameworks */,
				9F8186212C97E995000CFF1A /* FirebaseFirestoreCombine-Community in Frameworks */,
				9F8186232C97E995000CFF1A /* FirebaseFunctions in Frameworks */,
				9F81861B2C97E995000CFF1A /* FirebaseAuth in Frameworks */,
				9F81861F2C97E995000CFF1A /* FirebaseFirestore in Frameworks */,
				9F8186252C97E995000CFF1A /* FirebaseStorage in Frameworks */,
			);
			runOnlyForDeploymentPostprocessing = 0;
		};
/* End PBXFrameworksBuildPhase section */

/* Begin PBXGroup section */
		9F8185FF2C97E7F9000CFF1A = {
			isa = PBXGroup;
			children = (
				9F81860A2C97E7F9000CFF1A /* ToDoList */,
				9F8186092C97E7F9000CFF1A /* Products */,
			);
			sourceTree = "<group>";
		};
		9F8186092C97E7F9000CFF1A /* Products */ = {
			isa = PBXGroup;
			children = (
				9F8186082C97E7F9000CFF1A /* ToDoList.app */,
			);
			name = Products;
			sourceTree = "<group>";
		};
		9F81860A2C97E7F9000CFF1A /* ToDoList */ = {
			isa = PBXGroup;
			children = (
				9F81862B2C97F3E8000CFF1A /* Orther */,
				9F81862A2C97F3DB000CFF1A /* Models */,
				9F8186292C97F3C1000CFF1A /* ViewModels */,
				9F8186282C97F3AA000CFF1A /* Views */,
				9F8186112C97E800000CFF1A /* Preview Content */,
			);
			path = ToDoList;
			sourceTree = "<group>";
		};
		9F8186112C97E800000CFF1A /* Preview Content */ = {
			isa = PBXGroup;
			children = (
				9F8186122C97E800000CFF1A /* Preview Assets.xcassets */,
			);
			path = "Preview Content";
			sourceTree = "<group>";
		};
		9F8186282C97F3AA000CFF1A /* Views */ = {
			isa = PBXGroup;
			children = (
				9F81860D2C97E7F9000CFF1A /* MainView.swift */,
				9F59C8462C97F5DB00A224D8 /* ProfileView.swift */,
				9F59C8482C97F60C00A224D8 /* ToDoListItemsView.swift */,
				9F59C84A2C97F62700A224D8 /* NewItemView.swift */,
				9F59C84C2C97F65E00A224D8 /* LoginView.swift */,
				9F59C84E2C97F68800A224D8 /* RegisterView.swift */,
				9F59C8502C97F6ED00A224D8 /* ToDoListView.swift */,
				9FE533152C98002600C11531 /* HeaderView.swift */,
				9F678F052C9843CA00D275CA /* TLButton.swift */,
				9F678F0D2C98682A00D275CA /* SettingView.swift */,
			);
			path = Views;
			sourceTree = "<group>";
		};
		9F8186292C97F3C1000CFF1A /* ViewModels */ = {
			isa = PBXGroup;
			children = (
				9F59C8562C97F7C200A224D8 /* MainViewViewModel.swift */,
				9F59C8582C97F7D900A224D8 /* ProfileViewViewModel.swift */,
				9F59C85C2C97F82000A224D8 /* ToDoListItemsViewViewModel.swift */,
				9F59C85E2C97F83E00A224D8 /* NewItemViewViewModel.swift */,
				9F59C8602C97F85800A224D8 /* LoginViewViewModel.swift */,
				9F59C8622C97F87900A224D8 /* RegisterViewViewModel.swift */,
				9F59C8642C97F89700A224D8 /* ToDoListViewViewModel.swift */,
				9F678F0B2C9867B600D275CA /* SettingViewViewModel.swift */,
			);
			path = ViewModels;
			sourceTree = "<group>";
		};
		9F81862A2C97F3DB000CFF1A /* Models */ = {
			isa = PBXGroup;
			children = (
				9F59C8522C97F73E00A224D8 /* User.swift */,
				9F59C8542C97F77400A224D8 /* ToDoListItem.swift */,
			);
			path = Models;
			sourceTree = "<group>";
		};
		9F81862B2C97F3E8000CFF1A /* Orther */ = {
			isa = PBXGroup;
			children = (
				9F7277822C992D57007C6E14 /* NotificationHandler.swift */,
				9F81860F2C97E800000CFF1A /* Assets.xcassets */,
				9F81860B2C97E7F9000CFF1A /* ToDoListApp.swift */,
				9F72777E2C98F37A007C6E14 /* GoogleService-Info.plist */,
				9F678F072C9857A300D275CA /* Extensions.swift */,
				9F7277802C99289A007C6E14 /* Launch Screen.storyboard */,
			);
			path = Orther;
			sourceTree = "<group>";
		};
/* End PBXGroup section */

/* Begin PBXNativeTarget section */
		9F8186072C97E7F9000CFF1A /* ToDoList */ = {
			isa = PBXNativeTarget;
			buildConfigurationList = 9F8186162C97E800000CFF1A /* Build configuration list for PBXNativeTarget "ToDoList" */;
			buildPhases = (
				9F8186042C97E7F9000CFF1A /* Sources */,
				9F8186052C97E7F9000CFF1A /* Frameworks */,
				9F8186062C97E7F9000CFF1A /* Resources */,
			);
			buildRules = (
			);
			dependencies = (
			);
			name = ToDoList;
			packageProductDependencies = (
				9F81861A2C97E995000CFF1A /* FirebaseAuth */,
				9F81861C2C97E995000CFF1A /* FirebaseDatabase */,
				9F81861E2C97E995000CFF1A /* FirebaseFirestore */,
				9F8186202C97E995000CFF1A /* FirebaseFirestoreCombine-Community */,
				9F8186222C97E995000CFF1A /* FirebaseFunctions */,
				9F8186242C97E995000CFF1A /* FirebaseStorage */,
			);
			productName = ToDoList;
			productReference = 9F8186082C97E7F9000CFF1A /* ToDoList.app */;
			productType = "com.apple.product-type.application";
		};
/* End PBXNativeTarget section */

/* Begin PBXProject section */
		9F8186002C97E7F9000CFF1A /* Project object */ = {
			isa = PBXProject;
			attributes = {
				BuildIndependentTargetsInParallel = 1;
				LastSwiftUpdateCheck = 1540;
				LastUpgradeCheck = 1540;
				TargetAttributes = {
					9F8186072C97E7F9000CFF1A = {
						CreatedOnToolsVersion = 15.4;
					};
				};
			};
			buildConfigurationList = 9F8186032C97E7F9000CFF1A /* Build configuration list for PBXProject "ToDoList" */;
			compatibilityVersion = "Xcode 14.0";
			developmentRegion = en;
			hasScannedForEncodings = 0;
			knownRegions = (
				en,
				Base,
			);
			mainGroup = 9F8185FF2C97E7F9000CFF1A;
			packageReferences = (
				9F8186192C97E995000CFF1A /* XCRemoteSwiftPackageReference "firebase-ios-sdk" */,
			);
			productRefGroup = 9F8186092C97E7F9000CFF1A /* Products */;
			projectDirPath = "";
			projectRoot = "";
			targets = (
				9F8186072C97E7F9000CFF1A /* ToDoList */,
			);
		};
/* End PBXProject section */

/* Begin PBXResourcesBuildPhase section */
		9F8186062C97E7F9000CFF1A /* Resources */ = {
			isa = PBXResourcesBuildPhase;
			buildActionMask = 2147483647;
			files = (
				9F8186132C97E800000CFF1A /* Preview Assets.xcassets in Resources */,
				9F72777F2C98F37B007C6E14 /* GoogleService-Info.plist in Resources */,
				9F7277812C99289A007C6E14 /* Launch Screen.storyboard in Resources */,
				9F8186102C97E800000CFF1A /* Assets.xcassets in Resources */,
			);
			runOnlyForDeploymentPostprocessing = 0;
		};
/* End PBXResourcesBuildPhase section */

/* Begin PBXSourcesBuildPhase section */
		9F8186042C97E7F9000CFF1A /* Sources */ = {
			isa = PBXSourcesBuildPhase;
			buildActionMask = 2147483647;
			files = (
				9F59C84D2C97F65E00A224D8 /* LoginView.swift in Sources */,
				9FE533162C98002600C11531 /* HeaderView.swift in Sources */,
				9F59C85D2C97F82000A224D8 /* ToDoListItemsViewViewModel.swift in Sources */,
				9F59C8632C97F87900A224D8 /* RegisterViewViewModel.swift in Sources */,
				9F81860E2C97E7F9000CFF1A /* MainView.swift in Sources */,
				9F59C8572C97F7C200A224D8 /* MainViewViewModel.swift in Sources */,
				9F59C8512C97F6ED00A224D8 /* ToDoListView.swift in Sources */,
				9F678F062C9843CB00D275CA /* TLButton.swift in Sources */,
				9F59C8492C97F60C00A224D8 /* ToDoListItemsView.swift in Sources */,
				9F59C8592C97F7D900A224D8 /* ProfileViewViewModel.swift in Sources */,
				9F59C84F2C97F68800A224D8 /* RegisterView.swift in Sources */,
				9F59C8532C97F73E00A224D8 /* User.swift in Sources */,
				9F59C8472C97F5DB00A224D8 /* ProfileView.swift in Sources */,
				9F59C8612C97F85800A224D8 /* LoginViewViewModel.swift in Sources */,
				9F59C8652C97F89700A224D8 /* ToDoListViewViewModel.swift in Sources */,
				9F678F082C9857A300D275CA /* Extensions.swift in Sources */,
				9F81860C2C97E7F9000CFF1A /* ToDoListApp.swift in Sources */,
				9F59C8552C97F77500A224D8 /* ToDoListItem.swift in Sources */,
				9F59C84B2C97F62700A224D8 /* NewItemView.swift in Sources */,
				9F678F0C2C9867B600D275CA /* SettingViewViewModel.swift in Sources */,
				9F7277832C992D57007C6E14 /* NotificationHandler.swift in Sources */,
				9F59C85F2C97F83E00A224D8 /* NewItemViewViewModel.swift in Sources */,
				9F678F0E2C98682A00D275CA /* SettingView.swift in Sources */,
			);
			runOnlyForDeploymentPostprocessing = 0;
		};
/* End PBXSourcesBuildPhase section */

/* Begin XCBuildConfiguration section */
		9F8186142C97E800000CFF1A /* Debug */ = {
			isa = XCBuildConfiguration;
			buildSettings = {
				ALWAYS_SEARCH_USER_PATHS = NO;
				ASSETCATALOG_COMPILER_GENERATE_SWIFT_ASSET_SYMBOL_EXTENSIONS = YES;
				CLANG_ANALYZER_NONNULL = YES;
				CLANG_ANALYZER_NUMBER_OBJECT_CONVERSION = YES_AGGRESSIVE;
				CLANG_CXX_LANGUAGE_STANDARD = "gnu++20";
				CLANG_ENABLE_MODULES = YES;
				CLANG_ENABLE_OBJC_ARC = YES;
				CLANG_ENABLE_OBJC_WEAK = YES;
				CLANG_WARN_BLOCK_CAPTURE_AUTORELEASING = YES;
				CLANG_WARN_BOOL_CONVERSION = YES;
				CLANG_WARN_COMMA = YES;
				CLANG_WARN_CONSTANT_CONVERSION = YES;
				CLANG_WARN_DEPRECATED_OBJC_IMPLEMENTATIONS = YES;
				CLANG_WARN_DIRECT_OBJC_ISA_USAGE = YES_ERROR;
				CLANG_WARN_DOCUMENTATION_COMMENTS = YES;
				CLANG_WARN_EMPTY_BODY = YES;
				CLANG_WARN_ENUM_CONVERSION = YES;
				CLANG_WARN_INFINITE_RECURSION = YES;
				CLANG_WARN_INT_CONVERSION = YES;
				CLANG_WARN_NON_LITERAL_NULL_CONVERSION = YES;
				CLANG_WARN_OBJC_IMPLICIT_RETAIN_SELF = YES;
				CLANG_WARN_OBJC_LITERAL_CONVERSION = YES;
				CLANG_WARN_OBJC_ROOT_CLASS = YES_ERROR;
				CLANG_WARN_QUOTED_INCLUDE_IN_FRAMEWORK_HEADER = YES;
				CLANG_WARN_RANGE_LOOP_ANALYSIS = YES;
				CLANG_WARN_STRICT_PROTOTYPES = YES;
				CLANG_WARN_SUSPICIOUS_MOVE = YES;
				CLANG_WARN_UNGUARDED_AVAILABILITY = YES_AGGRESSIVE;
				CLANG_WARN_UNREACHABLE_CODE = YES;
				CLANG_WARN__DUPLICATE_METHOD_MATCH = YES;
				COPY_PHASE_STRIP = NO;
				DEBUG_INFORMATION_FORMAT = dwarf;
				ENABLE_STRICT_OBJC_MSGSEND = YES;
				ENABLE_TESTABILITY = YES;
				ENABLE_USER_SCRIPT_SANDBOXING = YES;
				GCC_C_LANGUAGE_STANDARD = gnu17;
				GCC_DYNAMIC_NO_PIC = NO;
				GCC_NO_COMMON_BLOCKS = YES;
				GCC_OPTIMIZATION_LEVEL = 0;
				GCC_PREPROCESSOR_DEFINITIONS = (
					"DEBUG=1",
					"$(inherited)",
				);
				GCC_WARN_64_TO_32_BIT_CONVERSION = YES;
				GCC_WARN_ABOUT_RETURN_TYPE = YES_ERROR;
				GCC_WARN_UNDECLARED_SELECTOR = YES;
				GCC_WARN_UNINITIALIZED_AUTOS = YES_AGGRESSIVE;
				GCC_WARN_UNUSED_FUNCTION = YES;
				GCC_WARN_UNUSED_VARIABLE = YES;
				IPHONEOS_DEPLOYMENT_TARGET = 17.5;
				LOCALIZATION_PREFERS_STRING_CATALOGS = YES;
				MTL_ENABLE_DEBUG_INFO = INCLUDE_SOURCE;
				MTL_FAST_MATH = YES;
				ONLY_ACTIVE_ARCH = YES;
				SDKROOT = iphoneos;
				SWIFT_ACTIVE_COMPILATION_CONDITIONS = "DEBUG $(inherited)";
				SWIFT_OPTIMIZATION_LEVEL = "-Onone";
			};
			name = Debug;
		};
		9F8186152C97E800000CFF1A /* Release */ = {
			isa = XCBuildConfiguration;
			buildSettings = {
				ALWAYS_SEARCH_USER_PATHS = NO;
				ASSETCATALOG_COMPILER_GENERATE_SWIFT_ASSET_SYMBOL_EXTENSIONS = YES;
				CLANG_ANALYZER_NONNULL = YES;
				CLANG_ANALYZER_NUMBER_OBJECT_CONVERSION = YES_AGGRESSIVE;
				CLANG_CXX_LANGUAGE_STANDARD = "gnu++20";
				CLANG_ENABLE_MODULES = YES;
				CLANG_ENABLE_OBJC_ARC = YES;
				CLANG_ENABLE_OBJC_WEAK = YES;
				CLANG_WARN_BLOCK_CAPTURE_AUTORELEASING = YES;
				CLANG_WARN_BOOL_CONVERSION = YES;
				CLANG_WARN_COMMA = YES;
				CLANG_WARN_CONSTANT_CONVERSION = YES;
				CLANG_WARN_DEPRECATED_OBJC_IMPLEMENTATIONS = YES;
				CLANG_WARN_DIRECT_OBJC_ISA_USAGE = YES_ERROR;
				CLANG_WARN_DOCUMENTATION_COMMENTS = YES;
				CLANG_WARN_EMPTY_BODY = YES;
				CLANG_WARN_ENUM_CONVERSION = YES;
				CLANG_WARN_INFINITE_RECURSION = YES;
				CLANG_WARN_INT_CONVERSION = YES;
				CLANG_WARN_NON_LITERAL_NULL_CONVERSION = YES;
				CLANG_WARN_OBJC_IMPLICIT_RETAIN_SELF = YES;
				CLANG_WARN_OBJC_LITERAL_CONVERSION = YES;
				CLANG_WARN_OBJC_ROOT_CLASS = YES_ERROR;
				CLANG_WARN_QUOTED_INCLUDE_IN_FRAMEWORK_HEADER = YES;
				CLANG_WARN_RANGE_LOOP_ANALYSIS = YES;
				CLANG_WARN_STRICT_PROTOTYPES = YES;
				CLANG_WARN_SUSPICIOUS_MOVE = YES;
				CLANG_WARN_UNGUARDED_AVAILABILITY = YES_AGGRESSIVE;
				CLANG_WARN_UNREACHABLE_CODE = YES;
				CLANG_WARN__DUPLICATE_METHOD_MATCH = YES;
				COPY_PHASE_STRIP = NO;
				DEBUG_INFORMATION_FORMAT = "dwarf-with-dsym";
				ENABLE_NS_ASSERTIONS = NO;
				ENABLE_STRICT_OBJC_MSGSEND = YES;
				ENABLE_USER_SCRIPT_SANDBOXING = YES;
				GCC_C_LANGUAGE_STANDARD = gnu17;
				GCC_NO_COMMON_BLOCKS = YES;
				GCC_WARN_64_TO_32_BIT_CONVERSION = YES;
				GCC_WARN_ABOUT_RETURN_TYPE = YES_ERROR;
				GCC_WARN_UNDECLARED_SELECTOR = YES;
				GCC_WARN_UNINITIALIZED_AUTOS = YES_AGGRESSIVE;
				GCC_WARN_UNUSED_FUNCTION = YES;
				GCC_WARN_UNUSED_VARIABLE = YES;
				IPHONEOS_DEPLOYMENT_TARGET = 17.5;
				LOCALIZATION_PREFERS_STRING_CATALOGS = YES;
				MTL_ENABLE_DEBUG_INFO = NO;
				MTL_FAST_MATH = YES;
				SDKROOT = iphoneos;
				SWIFT_COMPILATION_MODE = wholemodule;
				VALIDATE_PRODUCT = YES;
			};
			name = Release;
		};
		9F8186172C97E800000CFF1A /* Debug */ = {
			isa = XCBuildConfiguration;
			buildSettings = {
				ASSETCATALOG_COMPILER_APPICON_NAME = AppIcon;
				ASSETCATALOG_COMPILER_GLOBAL_ACCENT_COLOR_NAME = AccentColor;
				CODE_SIGN_STYLE = Automatic;
				CURRENT_PROJECT_VERSION = 1;
				DEVELOPMENT_ASSET_PATHS = "\"ToDoList/Preview Content\"";
				DEVELOPMENT_TEAM = LPSH8GVNQ8;
				ENABLE_PREVIEWS = YES;
				GENERATE_INFOPLIST_FILE = YES;
				INFOPLIST_KEY_CFBundleDisplayName = OnTime;
				INFOPLIST_KEY_LSApplicationCategoryType = "public.app-category.utilities";
				INFOPLIST_KEY_UIApplicationSceneManifest_Generation = YES;
				INFOPLIST_KEY_UIApplicationSupportsIndirectInputEvents = YES;
				INFOPLIST_KEY_UILaunchScreen_Generation = YES;
				INFOPLIST_KEY_UILaunchStoryboardName = "Launch Screen.storyboard";
				INFOPLIST_KEY_UISupportedInterfaceOrientations = UIInterfaceOrientationPortrait;
				IPHONEOS_DEPLOYMENT_TARGET = 15.0;
				LD_RUNPATH_SEARCH_PATHS = (
					"$(inherited)",
					"@executable_path/Frameworks",
				);
				MARKETING_VERSION = 1.0;
				PRODUCT_BUNDLE_IDENTIFIER = com.teddyapp.AgenderApp;
				PRODUCT_NAME = "$(TARGET_NAME)";
				SWIFT_EMIT_LOC_STRINGS = YES;
				SWIFT_VERSION = 5.0;
				TARGETED_DEVICE_FAMILY = "1,2";
			};
			name = Debug;
		};
		9F8186182C97E800000CFF1A /* Release */ = {
			isa = XCBuildConfiguration;
			buildSettings = {
				ASSETCATALOG_COMPILER_APPICON_NAME = AppIcon;
				ASSETCATALOG_COMPILER_GLOBAL_ACCENT_COLOR_NAME = AccentColor;
				CODE_SIGN_STYLE = Automatic;
				CURRENT_PROJECT_VERSION = 1;
				DEVELOPMENT_ASSET_PATHS = "\"ToDoList/Preview Content\"";
				DEVELOPMENT_TEAM = LPSH8GVNQ8;
				ENABLE_PREVIEWS = YES;
				GENERATE_INFOPLIST_FILE = YES;
				INFOPLIST_KEY_CFBundleDisplayName = OnTime;
				INFOPLIST_KEY_LSApplicationCategoryType = "public.app-category.utilities";
				INFOPLIST_KEY_UIApplicationSceneManifest_Generation = YES;
				INFOPLIST_KEY_UIApplicationSupportsIndirectInputEvents = YES;
				INFOPLIST_KEY_UILaunchScreen_Generation = YES;
				INFOPLIST_KEY_UILaunchStoryboardName = "Launch Screen.storyboard";
				INFOPLIST_KEY_UISupportedInterfaceOrientations = UIInterfaceOrientationPortrait;
				IPHONEOS_DEPLOYMENT_TARGET = 15.0;
				LD_RUNPATH_SEARCH_PATHS = (
					"$(inherited)",
					"@executable_path/Frameworks",
				);
				MARKETING_VERSION = 1.0;
				PRODUCT_BUNDLE_IDENTIFIER = com.teddyapp.AgenderApp;
				PRODUCT_NAME = "$(TARGET_NAME)";
				SWIFT_EMIT_LOC_STRINGS = YES;
				SWIFT_VERSION = 5.0;
				TARGETED_DEVICE_FAMILY = "1,2";
			};
			name = Release;
		};
/* End XCBuildConfiguration section */

/* Begin XCConfigurationList section */
		9F8186032C97E7F9000CFF1A /* Build configuration list for PBXProject "ToDoList" */ = {
			isa = XCConfigurationList;
			buildConfigurations = (
				9F8186142C97E800000CFF1A /* Debug */,
				9F8186152C97E800000CFF1A /* Release */,
			);
			defaultConfigurationIsVisible = 0;
			defaultConfigurationName = Release;
		};
		9F8186162C97E800000CFF1A /* Build configuration list for PBXNativeTarget "ToDoList" */ = {
			isa = XCConfigurationList;
			buildConfigurations = (
				9F8186172C97E800000CFF1A /* Debug */,
				9F8186182C97E800000CFF1A /* Release */,
			);
			defaultConfigurationIsVisible = 0;
			defaultConfigurationName = Release;
		};
/* End XCConfigurationList section */

/* Begin XCRemoteSwiftPackageReference section */
		9F8186192C97E995000CFF1A /* XCRemoteSwiftPackageReference "firebase-ios-sdk" */ = {
			isa = XCRemoteSwiftPackageReference;
			repositoryURL = "https://github.com/firebase/firebase-ios-sdk";
			requirement = {
				kind = upToNextMajorVersion;
				minimumVersion = 11.2.0;
			};
		};
/* End XCRemoteSwiftPackageReference section */

/* Begin XCSwiftPackageProductDependency section */
		9F81861A2C97E995000CFF1A /* FirebaseAuth */ = {
			isa = XCSwiftPackageProductDependency;
			package = 9F8186192C97E995000CFF1A /* XCRemoteSwiftPackageReference "firebase-ios-sdk" */;
			productName = FirebaseAuth;
		};
		9F81861C2C97E995000CFF1A /* FirebaseDatabase */ = {
			isa = XCSwiftPackageProductDependency;
			package = 9F8186192C97E995000CFF1A /* XCRemoteSwiftPackageReference "firebase-ios-sdk" */;
			productName = FirebaseDatabase;
		};
		9F81861E2C97E995000CFF1A /* FirebaseFirestore */ = {
			isa = XCSwiftPackageProductDependency;
			package = 9F8186192C97E995000CFF1A /* XCRemoteSwiftPackageReference "firebase-ios-sdk" */;
			productName = FirebaseFirestore;
		};
		9F8186202C97E995000CFF1A /* FirebaseFirestoreCombine-Community */ = {
			isa = XCSwiftPackageProductDependency;
			package = 9F8186192C97E995000CFF1A /* XCRemoteSwiftPackageReference "firebase-ios-sdk" */;
			productName = "FirebaseFirestoreCombine-Community";
		};
		9F8186222C97E995000CFF1A /* FirebaseFunctions */ = {
			isa = XCSwiftPackageProductDependency;
			package = 9F8186192C97E995000CFF1A /* XCRemoteSwiftPackageReference "firebase-ios-sdk" */;
			productName = FirebaseFunctions;
		};
		9F8186242C97E995000CFF1A /* FirebaseStorage */ = {
			isa = XCSwiftPackageProductDependency;
			package = 9F8186192C97E995000CFF1A /* XCRemoteSwiftPackageReference "firebase-ios-sdk" */;
			productName = FirebaseStorage;
		};
/* End XCSwiftPackageProductDependency section */
	};
	rootObject = 9F8186002C97E7F9000CFF1A /* Project object */;
}
